
Microsoft Visual Studio Solution File, Format Version 12.00
# Visual Studio 15
VisualStudioVersion = 15.0.26124.0
MinimumVisualStudioVersion = 15.0.26124.0
Project("{2150E333-8FDC-42A3-9474-1A3956D46DE8}") = "src", "src", "{7DEC7AEE-16C7-4BCA-ACAA-A19CE34C9B38}"
EndProject
Project("{FAE04EC0-301F-11D3-BF4B-00C04F79EFBC}") = "SimpleAPI", "src\SimpleAPI\SimpleAPI.csproj", "{21CA8537-E926-45DD-8552-7360AB3E4493}"
EndProject
Project("{2150E333-8FDC-42A3-9474-1A3956D46DE8}") = "test", "test", "{674351AB-8480-462F-BACF-CAB82509D916}"
EndProject
Project("{FAE04EC0-301F-11D3-BF4B-00C04F79EFBC}") = "SimpleAPI.Test", "test\SimpleAPI.Test\SimpleAPI.Test.csproj", "{64BD3764-B2A0-43DD-8BC0-BF78674BE9E1}"
EndProject
Global
	GlobalSection(SolutionConfigurationPlatforms) = preSolution
		Debug|Any CPU = Debug|Any CPU
		Debug|x64 = Debug|x64
		Debug|x86 = Debug|x86
		Release|Any CPU = Release|Any CPU
		Release|x64 = Release|x64
		Release|x86 = Release|x86
	EndGlobalSection
	GlobalSection(SolutionProperties) = preSolution
		HideSolutionNode = FALSE
	EndGlobalSection
	GlobalSection(ProjectConfigurationPlatforms) = postSolution
		{21CA8537-E926-45DD-8552-7360AB3E4493}.Debug|Any CPU.ActiveCfg = Debug|Any CPU
		{21CA8537-E926-45DD-8552-7360AB3E4493}.Debug|Any CPU.Build.0 = Debug|Any CPU
		{21CA8537-E926-45DD-8552-7360AB3E4493}.Debug|x64.ActiveCfg = Debug|Any CPU
		{21CA8537-E926-45DD-8552-7360AB3E4493}.Debug|x64.Build.0 = Debug|Any CPU
		{21CA8537-E926-45DD-8552-7360AB3E4493}.Debug|x86.ActiveCfg = Debug|Any CPU
		{21CA8537-E926-45DD-8552-7360AB3E4493}.Debug|x86.Build.0 = Debug|Any CPU
		{21CA8537-E926-45DD-8552-7360AB3E4493}.Release|Any CPU.ActiveCfg = Release|Any CPU
		{21CA8537-E926-45DD-8552-7360AB3E4493}.Release|Any CPU.Build.0 = Release|Any CPU
		{21CA8537-E926-45DD-8552-7360AB3E4493}.Release|x64.ActiveCfg = Release|Any CPU
		{21CA8537-E926-45DD-8552-7360AB3E4493}.Release|x64.Build.0 = Release|Any CPU
		{21CA8537-E926-45DD-8552-7360AB3E4493}.Release|x86.ActiveCfg = Release|Any CPU
		{21CA8537-E926-45DD-8552-7360AB3E4493}.Release|x86.Build.0 = Release|Any CPU
		{64BD3764-B2A0-43DD-8BC0-BF78674BE9E1}.Debug|Any CPU.ActiveCfg = Debug|Any CPU
		{64BD3764-B2A0-43DD-8BC0-BF78674BE9E1}.Debug|Any CPU.Build.0 = Debug|Any CPU
		{64BD3764-B2A0-43DD-8BC0-BF78674BE9E1}.Debug|x64.ActiveCfg = Debug|Any CPU
		{64BD3764-B2A0-43DD-8BC0-BF78674BE9E1}.Debug|x64.Build.0 = Debug|Any CPU
		{64BD3764-B2A0-43DD-8BC0-BF78674BE9E1}.Debug|x86.ActiveCfg = Debug|Any CPU
		{64BD3764-B2A0-43DD-8BC0-BF78674BE9E1}.Debug|x86.Build.0 = Debug|Any CPU
		{64BD3764-B2A0-43DD-8BC0-BF78674BE9E1}.Release|Any CPU.ActiveCfg = Release|Any CPU
		{64BD3764-B2A0-43DD-8BC0-BF78674BE9E1}.Release|Any CPU.Build.0 = Release|Any CPU
		{64BD3764-B2A0-43DD-8BC0-BF78674BE9E1}.Release|x64.ActiveCfg = Release|Any CPU
		{64BD3764-B2A0-43DD-8BC0-BF78674BE9E1}.Release|x64.Build.0 = Release|Any CPU
		{64BD3764-B2A0-43DD-8BC0-BF78674BE9E1}.Release|x86.ActiveCfg = Release|Any CPU
		{64BD3764-B2A0-43DD-8BC0-BF78674BE9E1}.Release|x86.Build.0 = Release|Any CPU
	EndGlobalSection
	GlobalSection(NestedProjects) = preSolution
		{21CA8537-E926-45DD-8552-7360AB3E4493} = {7DEC7AEE-16C7-4BCA-ACAA-A19CE34C9B38}
		{64BD3764-B2A0-43DD-8BC0-BF78674BE9E1} = {674351AB-8480-462F-BACF-CAB82509D916}
	EndGlobalSection
EndGlobal
